
Microsoft Visual Studio Solution File, Format Version 12.00
# Visual Studio 15
VisualStudioVersion = 15.0.28307.572
MinimumVisualStudioVersion = 10.0.40219.1
Project("{8BC9CEB8-8B4A-11D0-8D11-00A0C91BC942}") = "DirectXTemplate", "DirectXTemplate\DirectXTemplate.vcxproj", "{059D3B8E-3311-4E7B-91CA-7803827272F4}"
EndProject
Global
	GlobalSection(SolutionConfigurationPlatforms) = preSolution
		Debug|x64 = Debug|x64
		Debug|x86 = Debug|x86
		Release|x64 = Release|x64
		Release|x86 = Release|x86
	EndGlobalSection
	GlobalSection(ProjectConfigurationPlatforms) = postSolution
		{059D3B8E-3311-4E7B-91CA-7803827272F4}.Debug|x64.ActiveCfg = Debug|x64
		{059D3B8E-3311-4E7B-91CA-7803827272F4}.Debug|x64.Build.0 = Debug|x64
		{059D3B8E-3311-4E7B-91CA-7803827272F4}.Debug|x86.ActiveCfg = Debug|Win32
		{059D3B8E-3311-4E7B-91CA-7803827272F4}.Debug|x86.Build.0 = Debug|Win32
		{059D3B8E-3311-4E7B-91CA-7803827272F4}.Release|x64.ActiveCfg = Release|x64
		{059D3B8E-3311-4E7B-91CA-7803827272F4}.Release|x64.Build.0 = Release|x64
		{059D3B8E-3311-4E7B-91CA-7803827272F4}.Release|x86.ActiveCfg = Release|Win32
		{059D3B8E-3311-4E7B-91CA-7803827272F4}.Release|x86.Build.0 = Release|Win32
	EndGlobalSection
	GlobalSection(SolutionProperties) = preSolution
		HideSolutionNode = FALSE
	EndGlobalSection
	GlobalSection(ExtensibilityGlobals) = postSolution
		SolutionGuid = {4A6AE991-3A0A-4CF9-B133-CF2537D7B4A6}
	EndGlobalSection
EndGlobal
